<?xml version="1.0" encoding="utf-8"?>
<Project ToolsVersion="4.0" xmlns="http://schemas.microsoft.com/developer/msbuild/2003">
  <ItemGroup>
    <Filter Include="Source Files">
      <UniqueIdentifier>{4FC737F1-C7A5-4376-A066-2A32D752A2FF}</UniqueIdentifier>
      <Extensions>cpp;c;cc;cxx;def;odl;idl;hpj;bat;asm;asmx</Extensions>
    </Filter>
    <Filter Include="Header Files">
      <UniqueIdentifier>{93995380-89BD-4b04-88EB-625FBE52EBFB}</UniqueIdentifier>
      <Extensions>h;hh;hpp;hxx;hm;inl;inc;xsd</Extensions>
    </Filter>
    <Filter Include="Resource Files">
      <UniqueIdentifier>{67DA6AB6-F800-4c08-8B7A-83BB121AAD01}</UniqueIdentifier>
      <Extensions>rc;ico;cur;bmp;dlg;rc2;rct;bin;rgs;gif;jpg;jpeg;jpe;resx;tiff;tif;png;wav;mfcribbon-ms</Extensions>
    </Filter>
    <Filter Include="Shaders">
      <UniqueIdentifier>{5914b1fd-6355-4674-9c1d-3c0a492c0647}</UniqueIdentifier>
    </Filter>
  </ItemGroup>
  <ItemGroup>
    <ClCompile Include="main.cpp">
      <Filter>Source Files</Filter>
    </ClCompile>
    <ClCompile Include="..\..\..\..\Graphics Libraries\Libs\glad.c">
      <Filter>Source Files</Filter>
    </ClCompile>
    <ClCompile Include="Mesh.cpp">
      <Filter>Source Files</Filter>
    </ClCompile>
    <ClCompile Include="Utility.cpp">
      <Filter>Source Files</Filter>
    </ClCompile>
  </ItemGroup>
  <ItemGroup>
    <ClInclude Include="Shader.h">
      <Filter>Header Files</Filter>
    </ClInclude>
    <ClInclude Include="Mesh.h">
      <Filter>Header Files</Filter>
    </ClInclude>
    <ClInclude Include="Utility.h">
      <Filter>Header Files</Filter>
    </ClInclude>
  </ItemGroup>
  <ItemGroup>
    <None Include="SimpleVertexShader.vs">
      <Filter>Shaders</Filter>
    </None>
    <None Include="GeometryShaderHouses.gs">
      <Filter>Shaders</Filter>
    </None>
    <None Include="GeometryCurves.gs">
      <Filter>Shaders</Filter>
    </None>
    <None Include="SimpleGeometry.gs">
      <Filter>Shaders</Filter>
    </None>
    <None Include="SimpleTesControl.tcs">
      <Filter>Shaders</Filter>
    </None>
    <None Include="SimpleTesEval.tes">
      <Filter>Shaders</Filter>
    </None>
    <None Include="SimpleFragmentShader.fs">
      <Filter>Shaders</Filter>
    </None>
    <None Include="ExtendSides.gs">
      <Filter>Shaders</Filter>
    </None>
    <None Include="TrianglesToPoints.gs">
      <Filter>Shaders</Filter>
    </None>
  </ItemGroup>
</Project>